
Microsoft Visual Studio Solution File, Format Version 12.00
# Visual Studio 2013
VisualStudioVersion = 12.0.40629.0
MinimumVisualStudioVersion = 10.0.40219.1
Project("{FAE04EC0-301F-11D3-BF4B-00C04F79EFBC}") = "DiceBot", "DiceBot\DiceBot.csproj", "{7E0D59CC-D9A0-4EB4-96BF-11C0DDD8A8B5}"
EndProject
Project("{2150E333-8FDC-42A3-9474-1A3956D46DE8}") = ".nuget", ".nuget", "{5AA73960-C45C-4DC5-BF7D-67BB3744D033}"
	ProjectSection(SolutionItems) = preProject
		.nuget\NuGet.Config = .nuget\NuGet.Config
		.nuget\NuGet.exe = .nuget\NuGet.exe
		.nuget\NuGet.targets = .nuget\NuGet.targets
		.nuget\packages.config = .nuget\packages.config
	EndProjectSection
EndProject
Global
	GlobalSection(SolutionConfigurationPlatforms) = preSolution
		Debug|Any CPU = Debug|Any CPU
		Debug|x64 = Debug|x64
		Debug|x86 = Debug|x86
		Release|Any CPU = Release|Any CPU
		Release|x64 = Release|x64
		Release|x86 = Release|x86
	EndGlobalSection
	GlobalSection(ProjectConfigurationPlatforms) = postSolution
		{7E0D59CC-D9A0-4EB4-96BF-11C0DDD8A8B5}.Debug|Any CPU.ActiveCfg = Debug|Any CPU
		{7E0D59CC-D9A0-4EB4-96BF-11C0DDD8A8B5}.Debug|Any CPU.Build.0 = Debug|Any CPU
		{7E0D59CC-D9A0-4EB4-96BF-11C0DDD8A8B5}.Debug|x64.ActiveCfg = Debug|x64
		{7E0D59CC-D9A0-4EB4-96BF-11C0DDD8A8B5}.Debug|x64.Build.0 = Debug|x64
		{7E0D59CC-D9A0-4EB4-96BF-11C0DDD8A8B5}.Debug|x86.ActiveCfg = Debug|x86
		{7E0D59CC-D9A0-4EB4-96BF-11C0DDD8A8B5}.Debug|x86.Build.0 = Debug|x86
		{7E0D59CC-D9A0-4EB4-96BF-11C0DDD8A8B5}.Release|Any CPU.ActiveCfg = Release|Any CPU
		{7E0D59CC-D9A0-4EB4-96BF-11C0DDD8A8B5}.Release|Any CPU.Build.0 = Release|Any CPU
		{7E0D59CC-D9A0-4EB4-96BF-11C0DDD8A8B5}.Release|x64.ActiveCfg = Release|x64
		{7E0D59CC-D9A0-4EB4-96BF-11C0DDD8A8B5}.Release|x64.Build.0 = Release|x64
		{7E0D59CC-D9A0-4EB4-96BF-11C0DDD8A8B5}.Release|x86.ActiveCfg = Release|x86
		{7E0D59CC-D9A0-4EB4-96BF-11C0DDD8A8B5}.Release|x86.Build.0 = Release|x86
	EndGlobalSection
	GlobalSection(SolutionProperties) = preSolution
		HideSolutionNode = FALSE
	EndGlobalSection
EndGlobal
